
Microsoft Visual Studio Solution File, Format Version 12.00
# Visual Studio 15
VisualStudioVersion = 15.0.28307.329
MinimumVisualStudioVersion = 10.0.40219.1
Project("{9A19103F-16F7-4668-BE54-9A1E7A4F7556}") = "Jelly.Core", "Jelly.Core\Jelly.Core.csproj", "{91C29E16-2369-4129-8F4C-5CD58AE02B04}"
EndProject
Project("{9A19103F-16F7-4668-BE54-9A1E7A4F7556}") = "Jelly.Tests", "Jelly.Tests\Jelly.Tests.csproj", "{3A2C5811-574E-4C68-B58D-B5E8C4292206}"
EndProject
Project("{9A19103F-16F7-4668-BE54-9A1E7A4F7556}") = "Jelly", "Jelly\Jelly.csproj", "{31928F57-2555-4D78-BB77-961BE333AACC}"
EndProject
Global
	GlobalSection(SolutionConfigurationPlatforms) = preSolution
		Debug|Any CPU = Debug|Any CPU
		Release|Any CPU = Release|Any CPU
	EndGlobalSection
	GlobalSection(ProjectConfigurationPlatforms) = postSolution
		{91C29E16-2369-4129-8F4C-5CD58AE02B04}.Debug|Any CPU.ActiveCfg = Debug|Any CPU
		{91C29E16-2369-4129-8F4C-5CD58AE02B04}.Debug|Any CPU.Build.0 = Debug|Any CPU
		{91C29E16-2369-4129-8F4C-5CD58AE02B04}.Release|Any CPU.ActiveCfg = Release|Any CPU
		{91C29E16-2369-4129-8F4C-5CD58AE02B04}.Release|Any CPU.Build.0 = Release|Any CPU
		{3A2C5811-574E-4C68-B58D-B5E8C4292206}.Debug|Any CPU.ActiveCfg = Debug|Any CPU
		{3A2C5811-574E-4C68-B58D-B5E8C4292206}.Debug|Any CPU.Build.0 = Debug|Any CPU
		{3A2C5811-574E-4C68-B58D-B5E8C4292206}.Release|Any CPU.ActiveCfg = Release|Any CPU
		{3A2C5811-574E-4C68-B58D-B5E8C4292206}.Release|Any CPU.Build.0 = Release|Any CPU
		{31928F57-2555-4D78-BB77-961BE333AACC}.Debug|Any CPU.ActiveCfg = Debug|Any CPU
		{31928F57-2555-4D78-BB77-961BE333AACC}.Debug|Any CPU.Build.0 = Debug|Any CPU
		{31928F57-2555-4D78-BB77-961BE333AACC}.Release|Any CPU.ActiveCfg = Release|Any CPU
		{31928F57-2555-4D78-BB77-961BE333AACC}.Release|Any CPU.Build.0 = Release|Any CPU
	EndGlobalSection
	GlobalSection(SolutionProperties) = preSolution
		HideSolutionNode = FALSE
	EndGlobalSection
	GlobalSection(ExtensibilityGlobals) = postSolution
		SolutionGuid = {A512CFEA-D23C-43DA-952C-F962E81F8A10}
	EndGlobalSection
EndGlobal
